
Microsoft Visual Studio Solution File, Format Version 12.00
# Visual Studio Version 17
VisualStudioVersion = 17.13.35828.75 d17.13
MinimumVisualStudioVersion = 10.0.40219.1
Project("{FAE04EC0-301F-11D3-BF4B-00C04F79EFBC}") = "ToDoList", "ToDoList.csproj", "{0FEC7CCF-624B-4485-BAFB-76946B1225DE}"
EndProject
Global
	GlobalSection(SolutionConfigurationPlatforms) = preSolution
		Debug|Any CPU = Debug|Any CPU
		Release|Any CPU = Release|Any CPU
	EndGlobalSection
	GlobalSection(ProjectConfigurationPlatforms) = postSolution
		{0FEC7CCF-624B-4485-BAFB-76946B1225DE}.Debug|Any CPU.ActiveCfg = Debug|Any CPU
		{0FEC7CCF-624B-4485-BAFB-76946B1225DE}.Debug|Any CPU.Build.0 = Debug|Any CPU
		{0FEC7CCF-624B-4485-BAFB-76946B1225DE}.Release|Any CPU.ActiveCfg = Release|Any CPU
		{0FEC7CCF-624B-4485-BAFB-76946B1225DE}.Release|Any CPU.Build.0 = Release|Any CPU
	EndGlobalSection
	GlobalSection(SolutionProperties) = preSolution
		HideSolutionNode = FALSE
	EndGlobalSection
	GlobalSection(ExtensibilityGlobals) = postSolution
		SolutionGuid = {E80B6652-7B5F-48E6-92D0-5262A6D359A9}
	EndGlobalSection
EndGlobal
